// !$*UTF8*$!
{
	archiveVersion = 1;
	classes = {
	};
	objectVersion = 56;
	objects = {

/* Begin PBXBuildFile section */
		B128517F2CBA6D3A0070E28D /* Bird.mp3 in Resources */ = {isa = PBXBuildFile; fileRef = B128517E2CBA6D390070E28D /* Bird.mp3 */; };
		B12851812CBA6D410070E28D /* Rain.mp3 in Resources */ = {isa = PBXBuildFile; fileRef = B12851802CBA6D410070E28D /* Rain.mp3 */; };
		B12851832CBA6D650070E28D /* Fireplace.mp3 in Resources */ = {isa = PBXBuildFile; fileRef = B12851822CBA6D650070E28D /* Fireplace.mp3 */; };
		B12851852CBA6D6E0070E28D /* Sea Waves.mp3 in Resources */ = {isa = PBXBuildFile; fileRef = B12851842CBA6D6E0070E28D /* Sea Waves.mp3 */; };
		B12851892CBA9FB40070E28D /* silence.mp3 in Resources */ = {isa = PBXBuildFile; fileRef = B12851882CBA9FB40070E28D /* silence.mp3 */; };
		B12BE38D2CA306C000EB05E2 /* SettingsVC.swift in Sources */ = {isa = PBXBuildFile; fileRef = B12BE38C2CA306C000EB05E2 /* SettingsVC.swift */; };
		B12BE38F2CA3110400EB05E2 /* CircularProgressView.swift in Sources */ = {isa = PBXBuildFile; fileRef = B12BE38E2CA3110400EB05E2 /* CircularProgressView.swift */; };
		B192C5EC2CA2C633000E9256 /* AppDelegate.swift in Sources */ = {isa = PBXBuildFile; fileRef = B192C5EB2CA2C633000E9256 /* AppDelegate.swift */; };
		B192C5EE2CA2C633000E9256 /* SceneDelegate.swift in Sources */ = {isa = PBXBuildFile; fileRef = B192C5ED2CA2C633000E9256 /* SceneDelegate.swift */; };
		B192C5F52CA2C636000E9256 /* Assets.xcassets in Resources */ = {isa = PBXBuildFile; fileRef = B192C5F42CA2C636000E9256 /* Assets.xcassets */; };
		B192C5F82CA2C636000E9256 /* Base in Resources */ = {isa = PBXBuildFile; fileRef = B192C5F72CA2C636000E9256 /* Base */; };
		B192C6002CA2C68B000E9256 /* HomeVC.swift in Sources */ = {isa = PBXBuildFile; fileRef = B192C5FF2CA2C68B000E9256 /* HomeVC.swift */; };
		B1FFE7A62CA6F7E70057A90D /* alert.mp3 in Resources */ = {isa = PBXBuildFile; fileRef = B1FFE7A52CA6F7E70057A90D /* alert.mp3 */; };
/* End PBXBuildFile section */

/* Begin PBXFileReference section */
		B128517E2CBA6D390070E28D /* Bird.mp3 */ = {isa = PBXFileReference; lastKnownFileType = audio.mp3; path = Bird.mp3; sourceTree = "<group>"; };
		B12851802CBA6D410070E28D /* Rain.mp3 */ = {isa = PBXFileReference; lastKnownFileType = audio.mp3; path = Rain.mp3; sourceTree = "<group>"; };
		B12851822CBA6D650070E28D /* Fireplace.mp3 */ = {isa = PBXFileReference; lastKnownFileType = audio.mp3; path = Fireplace.mp3; sourceTree = "<group>"; };
		B12851842CBA6D6E0070E28D /* Sea Waves.mp3 */ = {isa = PBXFileReference; lastKnownFileType = audio.mp3; path = "Sea Waves.mp3"; sourceTree = "<group>"; };
		B12851882CBA9FB40070E28D /* silence.mp3 */ = {isa = PBXFileReference; lastKnownFileType = audio.mp3; path = silence.mp3; sourceTree = "<group>"; };
		B12BE38C2CA306C000EB05E2 /* SettingsVC.swift */ = {isa = PBXFileReference; lastKnownFileType = sourcecode.swift; path = SettingsVC.swift; sourceTree = "<group>"; };
		B12BE38E2CA3110400EB05E2 /* CircularProgressView.swift */ = {isa = PBXFileReference; lastKnownFileType = sourcecode.swift; path = CircularProgressView.swift; sourceTree = "<group>"; };
		B192C5E82CA2C633000E9256 /* Pomodoro.app */ = {isa = PBXFileReference; explicitFileType = wrapper.application; includeInIndex = 0; path = Pomodoro.app; sourceTree = BUILT_PRODUCTS_DIR; };
		B192C5EB2CA2C633000E9256 /* AppDelegate.swift */ = {isa = PBXFileReference; lastKnownFileType = sourcecode.swift; path = AppDelegate.swift; sourceTree = "<group>"; };
		B192C5ED2CA2C633000E9256 /* SceneDelegate.swift */ = {isa = PBXFileReference; lastKnownFileType = sourcecode.swift; path = SceneDelegate.swift; sourceTree = "<group>"; };
		B192C5F42CA2C636000E9256 /* Assets.xcassets */ = {isa = PBXFileReference; lastKnownFileType = folder.assetcatalog; path = Assets.xcassets; sourceTree = "<group>"; };
		B192C5F72CA2C636000E9256 /* Base */ = {isa = PBXFileReference; lastKnownFileType = file.storyboard; name = Base; path = Base.lproj/LaunchScreen.storyboard; sourceTree = "<group>"; };
		B192C5F92CA2C636000E9256 /* Info.plist */ = {isa = PBXFileReference; lastKnownFileType = text.plist.xml; path = Info.plist; sourceTree = "<group>"; };
		B192C5FF2CA2C68B000E9256 /* HomeVC.swift */ = {isa = PBXFileReference; lastKnownFileType = sourcecode.swift; path = HomeVC.swift; sourceTree = "<group>"; };
		B1FFE7A52CA6F7E70057A90D /* alert.mp3 */ = {isa = PBXFileReference; lastKnownFileType = audio.mp3; path = alert.mp3; sourceTree = "<group>"; };
/* End PBXFileReference section */

/* Begin PBXFrameworksBuildPhase section */
		B192C5E52CA2C633000E9256 /* Frameworks */ = {
			isa = PBXFrameworksBuildPhase;
			buildActionMask = 2147483647;
			files = (
			);
			runOnlyForDeploymentPostprocessing = 0;
		};
/* End PBXFrameworksBuildPhase section */

/* Begin PBXGroup section */
		B192C5DF2CA2C633000E9256 = {
			isa = PBXGroup;
			children = (
				B192C5EA2CA2C633000E9256 /* Pomodoro */,
				B192C5E92CA2C633000E9256 /* Products */,
			);
			sourceTree = "<group>";
		};
		B192C5E92CA2C633000E9256 /* Products */ = {
			isa = PBXGroup;
			children = (
				B192C5E82CA2C633000E9256 /* Pomodoro.app */,
			);
			name = Products;
			sourceTree = "<group>";
		};
		B192C5EA2CA2C633000E9256 /* Pomodoro */ = {
			isa = PBXGroup;
			children = (
				B1FFE7A42CA6F7DD0057A90D /* AlertSound */,
				B192C5EB2CA2C633000E9256 /* AppDelegate.swift */,
				B192C5ED2CA2C633000E9256 /* SceneDelegate.swift */,
				B192C5FF2CA2C68B000E9256 /* HomeVC.swift */,
				B192C5F42CA2C636000E9256 /* Assets.xcassets */,
				B192C5F62CA2C636000E9256 /* LaunchScreen.storyboard */,
				B192C5F92CA2C636000E9256 /* Info.plist */,
				B12BE38C2CA306C000EB05E2 /* SettingsVC.swift */,
				B12BE38E2CA3110400EB05E2 /* CircularProgressView.swift */,
			);
			path = Pomodoro;
			sourceTree = "<group>";
		};
		B1FFE7A42CA6F7DD0057A90D /* AlertSound */ = {
			isa = PBXGroup;
			children = (
				B1FFE7A52CA6F7E70057A90D /* alert.mp3 */,
				B128517E2CBA6D390070E28D /* Bird.mp3 */,
				B12851802CBA6D410070E28D /* Rain.mp3 */,
				B12851822CBA6D650070E28D /* Fireplace.mp3 */,
				B12851882CBA9FB40070E28D /* silence.mp3 */,
				B12851842CBA6D6E0070E28D /* Sea Waves.mp3 */,
			);
			path = AlertSound;
			sourceTree = "<group>";
		};
/* End PBXGroup section */

/* Begin PBXNativeTarget section */
		B192C5E72CA2C633000E9256 /* Pomodoro */ = {
			isa = PBXNativeTarget;
			buildConfigurationList = B192C5FC2CA2C636000E9256 /* Build configuration list for PBXNativeTarget "Pomodoro" */;
			buildPhases = (
				B192C5E42CA2C633000E9256 /* Sources */,
				B192C5E52CA2C633000E9256 /* Frameworks */,
				B192C5E62CA2C633000E9256 /* Resources */,
			);
			buildRules = (
			);
			dependencies = (
			);
			name = Pomodoro;
			productName = Pomodoro;
			productReference = B192C5E82CA2C633000E9256 /* Pomodoro.app */;
			productType = "com.apple.product-type.application";
		};
/* End PBXNativeTarget section */

/* Begin PBXProject section */
		B192C5E02CA2C633000E9256 /* Project object */ = {
			isa = PBXProject;
			attributes = {
				BuildIndependentTargetsInParallel = 1;
				LastSwiftUpdateCheck = 1530;
				LastUpgradeCheck = 1530;
				TargetAttributes = {
					B192C5E72CA2C633000E9256 = {
						CreatedOnToolsVersion = 15.3;
					};
				};
			};
			buildConfigurationList = B192C5E32CA2C633000E9256 /* Build configuration list for PBXProject "Pomodoro" */;
			compatibilityVersion = "Xcode 14.0";
			developmentRegion = en;
			hasScannedForEncodings = 0;
			knownRegions = (
				en,
				Base,
			);
			mainGroup = B192C5DF2CA2C633000E9256;
			productRefGroup = B192C5E92CA2C633000E9256 /* Products */;
			projectDirPath = "";
			projectRoot = "";
			targets = (
				B192C5E72CA2C633000E9256 /* Pomodoro */,
			);
		};
/* End PBXProject section */

/* Begin PBXResourcesBuildPhase section */
		B192C5E62CA2C633000E9256 /* Resources */ = {
			isa = PBXResourcesBuildPhase;
			buildActionMask = 2147483647;
			files = (
				B12851832CBA6D650070E28D /* Fireplace.mp3 in Resources */,
				B192C5F52CA2C636000E9256 /* Assets.xcassets in Resources */,
				B12851852CBA6D6E0070E28D /* Sea Waves.mp3 in Resources */,
				B192C5F82CA2C636000E9256 /* Base in Resources */,
				B12851892CBA9FB40070E28D /* silence.mp3 in Resources */,
				B12851812CBA6D410070E28D /* Rain.mp3 in Resources */,
				B1FFE7A62CA6F7E70057A90D /* alert.mp3 in Resources */,
				B128517F2CBA6D3A0070E28D /* Bird.mp3 in Resources */,
			);
			runOnlyForDeploymentPostprocessing = 0;
		};
/* End PBXResourcesBuildPhase section */

/* Begin PBXSourcesBuildPhase section */
		B192C5E42CA2C633000E9256 /* Sources */ = {
			isa = PBXSourcesBuildPhase;
			buildActionMask = 2147483647;
			files = (
				B192C6002CA2C68B000E9256 /* HomeVC.swift in Sources */,
				B12BE38D2CA306C000EB05E2 /* SettingsVC.swift in Sources */,
				B192C5EC2CA2C633000E9256 /* AppDelegate.swift in Sources */,
				B12BE38F2CA3110400EB05E2 /* CircularProgressView.swift in Sources */,
				B192C5EE2CA2C633000E9256 /* SceneDelegate.swift in Sources */,
			);
			runOnlyForDeploymentPostprocessing = 0;
		};
/* End PBXSourcesBuildPhase section */

/* Begin PBXVariantGroup section */
		B192C5F62CA2C636000E9256 /* LaunchScreen.storyboard */ = {
			isa = PBXVariantGroup;
			children = (
				B192C5F72CA2C636000E9256 /* Base */,
			);
			name = LaunchScreen.storyboard;
			sourceTree = "<group>";
		};
/* End PBXVariantGroup section */

/* Begin XCBuildConfiguration section */
		B192C5FA2CA2C636000E9256 /* Debug */ = {
			isa = XCBuildConfiguration;
			buildSettings = {
				ALWAYS_SEARCH_USER_PATHS = NO;
				ASSETCATALOG_COMPILER_GENERATE_SWIFT_ASSET_SYMBOL_EXTENSIONS = YES;
				CLANG_ANALYZER_NONNULL = YES;
				CLANG_ANALYZER_NUMBER_OBJECT_CONVERSION = YES_AGGRESSIVE;
				CLANG_CXX_LANGUAGE_STANDARD = "gnu++20";
				CLANG_ENABLE_MODULES = YES;
				CLANG_ENABLE_OBJC_ARC = YES;
				CLANG_ENABLE_OBJC_WEAK = YES;
				CLANG_WARN_BLOCK_CAPTURE_AUTORELEASING = YES;
				CLANG_WARN_BOOL_CONVERSION = YES;
				CLANG_WARN_COMMA = YES;
				CLANG_WARN_CONSTANT_CONVERSION = YES;
				CLANG_WARN_DEPRECATED_OBJC_IMPLEMENTATIONS = YES;
				CLANG_WARN_DIRECT_OBJC_ISA_USAGE = YES_ERROR;
				CLANG_WARN_DOCUMENTATION_COMMENTS = YES;
				CLANG_WARN_EMPTY_BODY = YES;
				CLANG_WARN_ENUM_CONVERSION = YES;
				CLANG_WARN_INFINITE_RECURSION = YES;
				CLANG_WARN_INT_CONVERSION = YES;
				CLANG_WARN_NON_LITERAL_NULL_CONVERSION = YES;
				CLANG_WARN_OBJC_IMPLICIT_RETAIN_SELF = YES;
				CLANG_WARN_OBJC_LITERAL_CONVERSION = YES;
				CLANG_WARN_OBJC_ROOT_CLASS = YES_ERROR;
				CLANG_WARN_QUOTED_INCLUDE_IN_FRAMEWORK_HEADER = YES;
				CLANG_WARN_RANGE_LOOP_ANALYSIS = YES;
				CLANG_WARN_STRICT_PROTOTYPES = YES;
				CLANG_WARN_SUSPICIOUS_MOVE = YES;
				CLANG_WARN_UNGUARDED_AVAILABILITY = YES_AGGRESSIVE;
				CLANG_WARN_UNREACHABLE_CODE = YES;
				CLANG_WARN__DUPLICATE_METHOD_MATCH = YES;
				COPY_PHASE_STRIP = NO;
				DEBUG_INFORMATION_FORMAT = dwarf;
				ENABLE_STRICT_OBJC_MSGSEND = YES;
				ENABLE_TESTABILITY = YES;
				ENABLE_USER_SCRIPT_SANDBOXING = YES;
				GCC_C_LANGUAGE_STANDARD = gnu17;
				GCC_DYNAMIC_NO_PIC = NO;
				GCC_NO_COMMON_BLOCKS = YES;
				GCC_OPTIMIZATION_LEVEL = 0;
				GCC_PREPROCESSOR_DEFINITIONS = (
					"DEBUG=1",
					"$(inherited)",
				);
				GCC_WARN_64_TO_32_BIT_CONVERSION = YES;
				GCC_WARN_ABOUT_RETURN_TYPE = YES_ERROR;
				GCC_WARN_UNDECLARED_SELECTOR = YES;
				GCC_WARN_UNINITIALIZED_AUTOS = YES_AGGRESSIVE;
				GCC_WARN_UNUSED_FUNCTION = YES;
				GCC_WARN_UNUSED_VARIABLE = YES;
				IPHONEOS_DEPLOYMENT_TARGET = 15.0;
				LOCALIZATION_PREFERS_STRING_CATALOGS = YES;
				MTL_ENABLE_DEBUG_INFO = INCLUDE_SOURCE;
				MTL_FAST_MATH = YES;
				ONLY_ACTIVE_ARCH = YES;
				SDKROOT = iphoneos;
				SWIFT_ACTIVE_COMPILATION_CONDITIONS = "DEBUG $(inherited)";
				SWIFT_OPTIMIZATION_LEVEL = "-Onone";
			};
			name = Debug;
		};
		B192C5FB2CA2C636000E9256 /* Release */ = {
			isa = XCBuildConfiguration;
			buildSettings = {
				ALWAYS_SEARCH_USER_PATHS = NO;
				ASSETCATALOG_COMPILER_GENERATE_SWIFT_ASSET_SYMBOL_EXTENSIONS = YES;
				CLANG_ANALYZER_NONNULL = YES;
				CLANG_ANALYZER_NUMBER_OBJECT_CONVERSION = YES_AGGRESSIVE;
				CLANG_CXX_LANGUAGE_STANDARD = "gnu++20";
				CLANG_ENABLE_MODULES = YES;
				CLANG_ENABLE_OBJC_ARC = YES;
				CLANG_ENABLE_OBJC_WEAK = YES;
				CLANG_WARN_BLOCK_CAPTURE_AUTORELEASING = YES;
				CLANG_WARN_BOOL_CONVERSION = YES;
				CLANG_WARN_COMMA = YES;
				CLANG_WARN_CONSTANT_CONVERSION = YES;
				CLANG_WARN_DEPRECATED_OBJC_IMPLEMENTATIONS = YES;
				CLANG_WARN_DIRECT_OBJC_ISA_USAGE = YES_ERROR;
				CLANG_WARN_DOCUMENTATION_COMMENTS = YES;
				CLANG_WARN_EMPTY_BODY = YES;
				CLANG_WARN_ENUM_CONVERSION = YES;
				CLANG_WARN_INFINITE_RECURSION = YES;
				CLANG_WARN_INT_CONVERSION = YES;
				CLANG_WARN_NON_LITERAL_NULL_CONVERSION = YES;
				CLANG_WARN_OBJC_IMPLICIT_RETAIN_SELF = YES;
				CLANG_WARN_OBJC_LITERAL_CONVERSION = YES;
				CLANG_WARN_OBJC_ROOT_CLASS = YES_ERROR;
				CLANG_WARN_QUOTED_INCLUDE_IN_FRAMEWORK_HEADER = YES;
				CLANG_WARN_RANGE_LOOP_ANALYSIS = YES;
				CLANG_WARN_STRICT_PROTOTYPES = YES;
				CLANG_WARN_SUSPICIOUS_MOVE = YES;
				CLANG_WARN_UNGUARDED_AVAILABILITY = YES_AGGRESSIVE;
				CLANG_WARN_UNREACHABLE_CODE = YES;
				CLANG_WARN__DUPLICATE_METHOD_MATCH = YES;
				COPY_PHASE_STRIP = NO;
				DEBUG_INFORMATION_FORMAT = "dwarf-with-dsym";
				ENABLE_NS_ASSERTIONS = NO;
				ENABLE_STRICT_OBJC_MSGSEND = YES;
				ENABLE_USER_SCRIPT_SANDBOXING = YES;
				GCC_C_LANGUAGE_STANDARD = gnu17;
				GCC_NO_COMMON_BLOCKS = YES;
				GCC_WARN_64_TO_32_BIT_CONVERSION = YES;
				GCC_WARN_ABOUT_RETURN_TYPE = YES_ERROR;
				GCC_WARN_UNDECLARED_SELECTOR = YES;
				GCC_WARN_UNINITIALIZED_AUTOS = YES_AGGRESSIVE;
				GCC_WARN_UNUSED_FUNCTION = YES;
				GCC_WARN_UNUSED_VARIABLE = YES;
				IPHONEOS_DEPLOYMENT_TARGET = 15.0;
				LOCALIZATION_PREFERS_STRING_CATALOGS = YES;
				MTL_ENABLE_DEBUG_INFO = NO;
				MTL_FAST_MATH = YES;
				SDKROOT = iphoneos;
				SWIFT_COMPILATION_MODE = wholemodule;
				VALIDATE_PRODUCT = YES;
			};
			name = Release;
		};
		B192C5FD2CA2C636000E9256 /* Debug */ = {
			isa = XCBuildConfiguration;
			buildSettings = {
				ASSETCATALOG_COMPILER_APPICON_NAME = AppIcon;
				ASSETCATALOG_COMPILER_GLOBAL_ACCENT_COLOR_NAME = AccentColor;
				CODE_SIGN_STYLE = Automatic;
				CURRENT_PROJECT_VERSION = 1;
				DEVELOPMENT_TEAM = AQTR45PN28;
				GENERATE_INFOPLIST_FILE = YES;
				INFOPLIST_FILE = Pomodoro/Info.plist;
				INFOPLIST_KEY_CFBundleDisplayName = "Focus Cycle";
				INFOPLIST_KEY_LSApplicationCategoryType = "public.app-category.productivity";
				INFOPLIST_KEY_UIApplicationSupportsIndirectInputEvents = YES;
				INFOPLIST_KEY_UILaunchStoryboardName = LaunchScreen;
				INFOPLIST_KEY_UISupportedInterfaceOrientations = UIInterfaceOrientationPortrait;
				INFOPLIST_KEY_UISupportedInterfaceOrientations_iPad = "UIInterfaceOrientationLandscapeLeft UIInterfaceOrientationLandscapeRight UIInterfaceOrientationPortrait UIInterfaceOrientationPortraitUpsideDown";
				IPHONEOS_DEPLOYMENT_TARGET = 15.0;
				LD_RUNPATH_SEARCH_PATHS = (
					"$(inherited)",
					"@executable_path/Frameworks",
				);
				MARKETING_VERSION = 1.2;
				PRODUCT_BUNDLE_IDENTIFIER = com.oguzcanbeserikli.Pomodoro;
				PRODUCT_NAME = "$(TARGET_NAME)";
				SWIFT_EMIT_LOC_STRINGS = YES;
				SWIFT_VERSION = 5.0;
				TARGETED_DEVICE_FAMILY = "1,2";
			};
			name = Debug;
		};
		B192C5FE2CA2C636000E9256 /* Release */ = {
			isa = XCBuildConfiguration;
			buildSettings = {
				ASSETCATALOG_COMPILER_APPICON_NAME = AppIcon;
				ASSETCATALOG_COMPILER_GLOBAL_ACCENT_COLOR_NAME = AccentColor;
				CODE_SIGN_STYLE = Automatic;
				CURRENT_PROJECT_VERSION = 1;
				DEVELOPMENT_TEAM = AQTR45PN28;
				GENERATE_INFOPLIST_FILE = YES;
				INFOPLIST_FILE = Pomodoro/Info.plist;
				INFOPLIST_KEY_CFBundleDisplayName = "Focus Cycle";
				INFOPLIST_KEY_LSApplicationCategoryType = "public.app-category.productivity";
				INFOPLIST_KEY_UIApplicationSupportsIndirectInputEvents = YES;
				INFOPLIST_KEY_UILaunchStoryboardName = LaunchScreen;
				INFOPLIST_KEY_UISupportedInterfaceOrientations = UIInterfaceOrientationPortrait;
				INFOPLIST_KEY_UISupportedInterfaceOrientations_iPad = "UIInterfaceOrientationLandscapeLeft UIInterfaceOrientationLandscapeRight UIInterfaceOrientationPortrait UIInterfaceOrientationPortraitUpsideDown";
				IPHONEOS_DEPLOYMENT_TARGET = 15.0;
				LD_RUNPATH_SEARCH_PATHS = (
					"$(inherited)",
					"@executable_path/Frameworks",
				);
				MARKETING_VERSION = 1.2;
				PRODUCT_BUNDLE_IDENTIFIER = com.oguzcanbeserikli.Pomodoro;
				PRODUCT_NAME = "$(TARGET_NAME)";
				SWIFT_EMIT_LOC_STRINGS = YES;
				SWIFT_VERSION = 5.0;
				TARGETED_DEVICE_FAMILY = "1,2";
			};
			name = Release;
		};
/* End XCBuildConfiguration section */

/* Begin XCConfigurationList section */
		B192C5E32CA2C633000E9256 /* Build configuration list for PBXProject "Pomodoro" */ = {
			isa = XCConfigurationList;
			buildConfigurations = (
				B192C5FA2CA2C636000E9256 /* Debug */,
				B192C5FB2CA2C636000E9256 /* Release */,
			);
			defaultConfigurationIsVisible = 0;
			defaultConfigurationName = Release;
		};
		B192C5FC2CA2C636000E9256 /* Build configuration list for PBXNativeTarget "Pomodoro" */ = {
			isa = XCConfigurationList;
			buildConfigurations = (
				B192C5FD2CA2C636000E9256 /* Debug */,
				B192C5FE2CA2C636000E9256 /* Release */,
			);
			defaultConfigurationIsVisible = 0;
			defaultConfigurationName = Release;
		};
/* End XCConfigurationList section */
	};
	rootObject = B192C5E02CA2C633000E9256 /* Project object */;
}
